
Microsoft Visual Studio Solution File, Format Version 12.00
# Visual Studio Version 17
VisualStudioVersion = 17.8.34330.188
MinimumVisualStudioVersion = 10.0.40219.1
Project("{FAE04EC0-301F-11D3-BF4B-00C04F79EFBC}") = "TodoApplication", "TodoApplication.csproj", "{E8AED43E-A727-451D-A0F8-23C200CDE0BF}"
EndProject
Global
	GlobalSection(SolutionConfigurationPlatforms) = preSolution
		Debug|Any CPU = Debug|Any CPU
		Release|Any CPU = Release|Any CPU
	EndGlobalSection
	GlobalSection(ProjectConfigurationPlatforms) = postSolution
		{E8AED43E-A727-451D-A0F8-23C200CDE0BF}.Debug|Any CPU.ActiveCfg = Debug|Any CPU
		{E8AED43E-A727-451D-A0F8-23C200CDE0BF}.Debug|Any CPU.Build.0 = Debug|Any CPU
		{E8AED43E-A727-451D-A0F8-23C200CDE0BF}.Release|Any CPU.ActiveCfg = Release|Any CPU
		{E8AED43E-A727-451D-A0F8-23C200CDE0BF}.Release|Any CPU.Build.0 = Release|Any CPU
	EndGlobalSection
	GlobalSection(SolutionProperties) = preSolution
		HideSolutionNode = FALSE
	EndGlobalSection
	GlobalSection(ExtensibilityGlobals) = postSolution
		SolutionGuid = {8B025A14-3BED-4D45-B2F8-9C4364F3D84A}
	EndGlobalSection
EndGlobal
